
Microsoft Visual Studio Solution File, Format Version 12.00
Project("{FAE04EC0-301F-11D3-BF4B-00C04F79EFBC}") = "PcPartPickerProject", "PcPartPickerProject\PcPartPickerProject.csproj", "{0CCF9AA5-04BC-4279-817E-E7A6B663AF86}"
EndProject
Global
	GlobalSection(SolutionConfigurationPlatforms) = preSolution
		Debug|Any CPU = Debug|Any CPU
		Release|Any CPU = Release|Any CPU
	EndGlobalSection
	GlobalSection(ProjectConfigurationPlatforms) = postSolution
		{0CCF9AA5-04BC-4279-817E-E7A6B663AF86}.Debug|Any CPU.ActiveCfg = Debug|Any CPU
		{0CCF9AA5-04BC-4279-817E-E7A6B663AF86}.Debug|Any CPU.Build.0 = Debug|Any CPU
		{0CCF9AA5-04BC-4279-817E-E7A6B663AF86}.Release|Any CPU.ActiveCfg = Release|Any CPU
		{0CCF9AA5-04BC-4279-817E-E7A6B663AF86}.Release|Any CPU.Build.0 = Release|Any CPU
	EndGlobalSection
EndGlobal
